
Microsoft Visual Studio Solution File, Format Version 12.00
# Visual Studio 2012
Project("{FAE04EC0-301F-11D3-BF4B-00C04F79EFBC}") = "ILogInject.UnityCommonLogging", "ILogInject.UnityCommonLogging\ILogInject.UnityCommonLogging.csproj", "{AE326E72-7E91-4FA0-AE0C-B42D91817A54}"
EndProject
Project("{FAE04EC0-301F-11D3-BF4B-00C04F79EFBC}") = "ILogInject.UnityCommonLogging.Log4NetExample", "ILogInject.UnityCommonLogging.Log4NetExample\ILogInject.UnityCommonLogging.Log4NetExample.csproj", "{B35DA032-7B24-48B9-A265-8252A3638D62}"
EndProject
Project("{FAE04EC0-301F-11D3-BF4B-00C04F79EFBC}") = "ILogInject.ExampleLibrary", "ILogInject.ExampleLibrary\ILogInject.ExampleLibrary.csproj", "{C63D88E3-ED31-421E-9543-C856E10BCFE0}"
EndProject
Global
	GlobalSection(SolutionConfigurationPlatforms) = preSolution
		Debug|Any CPU = Debug|Any CPU
		Release|Any CPU = Release|Any CPU
	EndGlobalSection
	GlobalSection(ProjectConfigurationPlatforms) = postSolution
		{AE326E72-7E91-4FA0-AE0C-B42D91817A54}.Debug|Any CPU.ActiveCfg = Debug|Any CPU
		{AE326E72-7E91-4FA0-AE0C-B42D91817A54}.Debug|Any CPU.Build.0 = Debug|Any CPU
		{AE326E72-7E91-4FA0-AE0C-B42D91817A54}.Release|Any CPU.ActiveCfg = Release|Any CPU
		{AE326E72-7E91-4FA0-AE0C-B42D91817A54}.Release|Any CPU.Build.0 = Release|Any CPU
		{B35DA032-7B24-48B9-A265-8252A3638D62}.Debug|Any CPU.ActiveCfg = Debug|Any CPU
		{B35DA032-7B24-48B9-A265-8252A3638D62}.Debug|Any CPU.Build.0 = Debug|Any CPU
		{B35DA032-7B24-48B9-A265-8252A3638D62}.Release|Any CPU.ActiveCfg = Release|Any CPU
		{B35DA032-7B24-48B9-A265-8252A3638D62}.Release|Any CPU.Build.0 = Release|Any CPU
		{C63D88E3-ED31-421E-9543-C856E10BCFE0}.Debug|Any CPU.ActiveCfg = Debug|Any CPU
		{C63D88E3-ED31-421E-9543-C856E10BCFE0}.Debug|Any CPU.Build.0 = Debug|Any CPU
		{C63D88E3-ED31-421E-9543-C856E10BCFE0}.Release|Any CPU.ActiveCfg = Release|Any CPU
		{C63D88E3-ED31-421E-9543-C856E10BCFE0}.Release|Any CPU.Build.0 = Release|Any CPU
	EndGlobalSection
	GlobalSection(SolutionProperties) = preSolution
		HideSolutionNode = FALSE
	EndGlobalSection
	GlobalSection(ExtensibilityGlobals) = postSolution
		EnterpriseLibraryConfigurationToolBinariesPath = packages\Unity.2.1.505.2\lib\NET35;packages\Unity.Interception.2.1.505.2\lib\NET35
	EndGlobalSection
EndGlobal
